// !$*UTF8*$!
{
	archiveVersion = 1;
	classes = {
	};
	objectVersion = 50;
	objects = {

/* Begin PBXBuildFile section */
		9938DE7C2209DDFE00007AB6 /* Timer.cpp in Sources */ = {isa = PBXBuildFile; fileRef = 9938DE7A2209DDFE00007AB6 /* Timer.cpp */; };
		99AC4EFA22147787009AEAB0 /* FileController.cpp in Sources */ = {isa = PBXBuildFile; fileRef = 99AC4EF822147787009AEAB0 /* FileController.cpp */; };
		99AC4EFC22147927009AEAB0 /* Music.cpp in Sources */ = {isa = PBXBuildFile; fileRef = 99AC4EFB22147927009AEAB0 /* Music.cpp */; };
		99AC4F012214798B009AEAB0 /* CrimeData.cpp in Sources */ = {isa = PBXBuildFile; fileRef = 99AC4F002214798B009AEAB0 /* CrimeData.cpp */; };
		99AC4F0622147E61009AEAB0 /* LinearTester.cpp in Sources */ = {isa = PBXBuildFile; fileRef = 99AC4F0422147E61009AEAB0 /* LinearTester.cpp */; };
		99D64C1C21FF5DA0004B3FBC /* Controller.cpp in Sources */ = {isa = PBXBuildFile; fileRef = 99D64C1A21FF5DA0004B3FBC /* Controller.cpp */; };
		99D64C1E21FF5EAB004B3FBC /* Runner.cpp in Sources */ = {isa = PBXBuildFile; fileRef = 99D64C1D21FF5EAB004B3FBC /* Runner.cpp */; };
/* End PBXBuildFile section */

/* Begin PBXCopyFilesBuildPhase section */
		99D64C0721FF5C4F004B3FBC /* CopyFiles */ = {
			isa = PBXCopyFilesBuildPhase;
			buildActionMask = 2147483647;
			dstPath = /usr/share/man/man1/;
			dstSubfolderSpec = 0;
			files = (
			);
			runOnlyForDeploymentPostprocessing = 1;
		};
/* End PBXCopyFilesBuildPhase section */

/* Begin PBXFileReference section */
		9905C8D82211C23100C8862D /* LinkedList.hpp */ = {isa = PBXFileReference; lastKnownFileType = sourcecode.cpp.h; path = LinkedList.hpp; sourceTree = "<group>"; };
		9905C8D92211D56900C8862D /* Stack.hpp */ = {isa = PBXFileReference; lastKnownFileType = sourcecode.cpp.h; path = Stack.hpp; sourceTree = "<group>"; };
		9905C8DA2211DA7200C8862D /* Queue.hpp */ = {isa = PBXFileReference; lastKnownFileType = sourcecode.cpp.h; path = Queue.hpp; sourceTree = "<group>"; };
		9938DE7A2209DDFE00007AB6 /* Timer.cpp */ = {isa = PBXFileReference; lastKnownFileType = sourcecode.cpp.cpp; path = Timer.cpp; sourceTree = "<group>"; };
		9938DE7B2209DDFE00007AB6 /* Timer.hpp */ = {isa = PBXFileReference; lastKnownFileType = sourcecode.cpp.h; path = Timer.hpp; sourceTree = "<group>"; };
		9975FF3F220C853D001CC919 /* List.hpp */ = {isa = PBXFileReference; lastKnownFileType = sourcecode.cpp.h; path = List.hpp; sourceTree = "<group>"; };
		9975FF40220C85AA001CC919 /* LinearNode.hpp */ = {isa = PBXFileReference; lastKnownFileType = sourcecode.cpp.h; path = LinearNode.hpp; sourceTree = "<group>"; };
		9975FF41220C8854001CC919 /* Array.hpp */ = {isa = PBXFileReference; lastKnownFileType = sourcecode.cpp.h; path = Array.hpp; sourceTree = "<group>"; };
		99A156DC221EF1A6007A0366 /* DoubleNode.hpp */ = {isa = PBXFileReference; lastKnownFileType = sourcecode.cpp.h; path = DoubleNode.hpp; sourceTree = "<group>"; };
		99AC4EF822147787009AEAB0 /* FileController.cpp */ = {isa = PBXFileReference; lastKnownFileType = sourcecode.cpp.cpp; path = FileController.cpp; sourceTree = "<group>"; };
		99AC4EF922147787009AEAB0 /* FileController.hpp */ = {isa = PBXFileReference; lastKnownFileType = sourcecode.cpp.h; path = FileController.hpp; sourceTree = "<group>"; };
		99AC4EFB22147927009AEAB0 /* Music.cpp */ = {isa = PBXFileReference; fileEncoding = 4; lastKnownFileType = sourcecode.cpp.cpp; path = Music.cpp; sourceTree = "<group>"; };
		99AC4EFD2214792D009AEAB0 /* Music.hpp */ = {isa = PBXFileReference; lastKnownFileType = sourcecode.cpp.h; path = Music.hpp; sourceTree = "<group>"; };
		99AC4EFE22147932009AEAB0 /* music.csv */ = {isa = PBXFileReference; lastKnownFileType = text; path = music.csv; sourceTree = "<group>"; };
		99AC4EFF22147963009AEAB0 /* crime.csv */ = {isa = PBXFileReference; lastKnownFileType = text; path = crime.csv; sourceTree = "<group>"; };
		99AC4F002214798B009AEAB0 /* CrimeData.cpp */ = {isa = PBXFileReference; fileEncoding = 4; lastKnownFileType = sourcecode.cpp.cpp; path = CrimeData.cpp; sourceTree = "<group>"; };
		99AC4F0222147990009AEAB0 /* CrimeData.hpp */ = {isa = PBXFileReference; lastKnownFileType = sourcecode.cpp.h; path = CrimeData.hpp; sourceTree = "<group>"; };
		99AC4F0422147E61009AEAB0 /* LinearTester.cpp */ = {isa = PBXFileReference; lastKnownFileType = sourcecode.cpp.cpp; path = LinearTester.cpp; sourceTree = "<group>"; };
		99AC4F0522147E61009AEAB0 /* LinearTester.hpp */ = {isa = PBXFileReference; lastKnownFileType = sourcecode.cpp.h; path = LinearTester.hpp; sourceTree = "<group>"; };
		99D64C0921FF5C4F004B3FBC /* DataStructured */ = {isa = PBXFileReference; explicitFileType = "compiled.mach-o.executable"; includeInIndex = 0; path = DataStructured; sourceTree = BUILT_PRODUCTS_DIR; };
		99D64C1821FF5D72004B3FBC /* Node 1.png */ = {isa = PBXFileReference; lastKnownFileType = image.png; path = "Node 1.png"; sourceTree = "<group>"; };
		99D64C1921FF5D77004B3FBC /* Node 2.png */ = {isa = PBXFileReference; lastKnownFileType = image.png; path = "Node 2.png"; sourceTree = "<group>"; };
		99D64C1A21FF5DA0004B3FBC /* Controller.cpp */ = {isa = PBXFileReference; lastKnownFileType = sourcecode.cpp.cpp; path = Controller.cpp; sourceTree = "<group>"; };
		99D64C1B21FF5DA0004B3FBC /* Controller.hpp */ = {isa = PBXFileReference; lastKnownFileType = sourcecode.cpp.h; path = Controller.hpp; sourceTree = "<group>"; };
		99D64C1D21FF5EAB004B3FBC /* Runner.cpp */ = {isa = PBXFileReference; lastKnownFileType = sourcecode.cpp.cpp; path = Runner.cpp; sourceTree = "<group>"; };
		99D64C1F21FF60EE004B3FBC /* Node.hpp */ = {isa = PBXFileReference; lastKnownFileType = sourcecode.cpp.h; path = Node.hpp; sourceTree = "<group>"; };
/* End PBXFileReference section */

/* Begin PBXFrameworksBuildPhase section */
		99D64C0621FF5C4F004B3FBC /* Frameworks */ = {
			isa = PBXFrameworksBuildPhase;
			buildActionMask = 2147483647;
			files = (
			);
			runOnlyForDeploymentPostprocessing = 0;
		};
/* End PBXFrameworksBuildPhase section */

/* Begin PBXGroup section */
		9938DE792209DDC000007AB6 /* Tools */ = {
			isa = PBXGroup;
			children = (
				9938DE7A2209DDFE00007AB6 /* Timer.cpp */,
				9938DE7B2209DDFE00007AB6 /* Timer.hpp */,
				99AC4EF822147787009AEAB0 /* FileController.cpp */,
				99AC4EF922147787009AEAB0 /* FileController.hpp */,
			);
			path = Tools;
			sourceTree = "<group>";
		};
		9975FF39220C83F9001CC919 /* Nodes */ = {
			isa = PBXGroup;
			children = (
				99D64C1F21FF60EE004B3FBC /* Node.hpp */,
				9975FF40220C85AA001CC919 /* LinearNode.hpp */,
				99A156DC221EF1A6007A0366 /* DoubleNode.hpp */,
			);
			path = Nodes;
			sourceTree = "<group>";
		};
		9975FF3A220C84EA001CC919 /* Linear */ = {
			isa = PBXGroup;
			children = (
				9905C8D82211C23100C8862D /* LinkedList.hpp */,
				9975FF3F220C853D001CC919 /* List.hpp */,
				9975FF41220C8854001CC919 /* Array.hpp */,
				9905C8D92211D56900C8862D /* Stack.hpp */,
				9905C8DA2211DA7200C8862D /* Queue.hpp */,
			);
			path = Linear;
			sourceTree = "<group>";
		};
		99AC4F0322147E48009AEAB0 /* Testers */ = {
			isa = PBXGroup;
			children = (
				99AC4F0422147E61009AEAB0 /* LinearTester.cpp */,
				99AC4F0522147E61009AEAB0 /* LinearTester.hpp */,
			);
			path = Testers;
			sourceTree = "<group>";
		};
		99D64C0021FF5C4F004B3FBC = {
			isa = PBXGroup;
			children = (
				99D64C0B21FF5C4F004B3FBC /* DataStructured */,
				99D64C0A21FF5C4F004B3FBC /* Products */,
			);
			sourceTree = "<group>";
		};
		99D64C0A21FF5C4F004B3FBC /* Products */ = {
			isa = PBXGroup;
			children = (
				99D64C0921FF5C4F004B3FBC /* DataStructured */,
			);
			name = Products;
			sourceTree = "<group>";
		};
		99D64C0B21FF5C4F004B3FBC /* DataStructured */ = {
			isa = PBXGroup;
			children = (
				99AC4F0322147E48009AEAB0 /* Testers */,
				99D64C1621FF5C9E004B3FBC /* Resources */,
				99D64C1521FF5C91004B3FBC /* Diagrams */,
				99D64C1421FF5C84004B3FBC /* Controller */,
				99D64C1321FF5C78004B3FBC /* Model */,
			);
			path = DataStructured;
			sourceTree = "<group>";
		};
		99D64C1321FF5C78004B3FBC /* Model */ = {
			isa = PBXGroup;
			children = (
				9975FF3A220C84EA001CC919 /* Linear */,
				9975FF39220C83F9001CC919 /* Nodes */,
			);
			path = Model;
			sourceTree = "<group>";
		};
		99D64C1421FF5C84004B3FBC /* Controller */ = {
			isa = PBXGroup;
			children = (
				9938DE792209DDC000007AB6 /* Tools */,
				99D64C1A21FF5DA0004B3FBC /* Controller.cpp */,
				99D64C1B21FF5DA0004B3FBC /* Controller.hpp */,
				99D64C1D21FF5EAB004B3FBC /* Runner.cpp */,
			);
			path = Controller;
			sourceTree = "<group>";
		};
		99D64C1521FF5C91004B3FBC /* Diagrams */ = {
			isa = PBXGroup;
			children = (
				99D64C1821FF5D72004B3FBC /* Node 1.png */,
				99D64C1921FF5D77004B3FBC /* Node 2.png */,
			);
			path = Diagrams;
			sourceTree = "<group>";
		};
		99D64C1621FF5C9E004B3FBC /* Resources */ = {
			isa = PBXGroup;
			children = (
				99AC4F0222147990009AEAB0 /* CrimeData.hpp */,
				99AC4F002214798B009AEAB0 /* CrimeData.cpp */,
				99AC4EFF22147963009AEAB0 /* crime.csv */,
				99AC4EFE22147932009AEAB0 /* music.csv */,
				99AC4EFD2214792D009AEAB0 /* Music.hpp */,
				99AC4EFB22147927009AEAB0 /* Music.cpp */,
			);
			path = Resources;
			sourceTree = "<group>";
		};
/* End PBXGroup section */

/* Begin PBXNativeTarget section */
		99D64C0821FF5C4F004B3FBC /* DataStructured */ = {
			isa = PBXNativeTarget;
			buildConfigurationList = 99D64C1021FF5C4F004B3FBC /* Build configuration list for PBXNativeTarget "DataStructured" */;
			buildPhases = (
				99D64C0521FF5C4F004B3FBC /* Sources */,
				99D64C0621FF5C4F004B3FBC /* Frameworks */,
				99D64C0721FF5C4F004B3FBC /* CopyFiles */,
			);
			buildRules = (
			);
			dependencies = (
			);
			name = DataStructured;
			productName = DataStructured;
			productReference = 99D64C0921FF5C4F004B3FBC /* DataStructured */;
			productType = "com.apple.product-type.tool";
		};
/* End PBXNativeTarget section */

/* Begin PBXProject section */
		99D64C0121FF5C4F004B3FBC /* Project object */ = {
			isa = PBXProject;
			attributes = {
				LastUpgradeCheck = 1000;
				ORGANIZATIONNAME = CTEC;
				TargetAttributes = {
					99D64C0821FF5C4F004B3FBC = {
						CreatedOnToolsVersion = 10.0;
					};
				};
			};
			buildConfigurationList = 99D64C0421FF5C4F004B3FBC /* Build configuration list for PBXProject "DataStructured" */;
			compatibilityVersion = "Xcode 9.3";
			developmentRegion = en;
			hasScannedForEncodings = 0;
			knownRegions = (
				en,
			);
			mainGroup = 99D64C0021FF5C4F004B3FBC;
			productRefGroup = 99D64C0A21FF5C4F004B3FBC /* Products */;
			projectDirPath = "";
			projectRoot = "";
			targets = (
				99D64C0821FF5C4F004B3FBC /* DataStructured */,
			);
		};
/* End PBXProject section */

/* Begin PBXSourcesBuildPhase section */
		99D64C0521FF5C4F004B3FBC /* Sources */ = {
			isa = PBXSourcesBuildPhase;
			buildActionMask = 2147483647;
			files = (
				99AC4EFC22147927009AEAB0 /* Music.cpp in Sources */,
				9938DE7C2209DDFE00007AB6 /* Timer.cpp in Sources */,
				99AC4F012214798B009AEAB0 /* CrimeData.cpp in Sources */,
				99D64C1C21FF5DA0004B3FBC /* Controller.cpp in Sources */,
				99D64C1E21FF5EAB004B3FBC /* Runner.cpp in Sources */,
				99AC4EFA22147787009AEAB0 /* FileController.cpp in Sources */,
				99AC4F0622147E61009AEAB0 /* LinearTester.cpp in Sources */,
			);
			runOnlyForDeploymentPostprocessing = 0;
		};
/* End PBXSourcesBuildPhase section */

/* Begin XCBuildConfiguration section */
		99D64C0E21FF5C4F004B3FBC /* Debug */ = {
			isa = XCBuildConfiguration;
			buildSettings = {
				ALWAYS_SEARCH_USER_PATHS = NO;
				CLANG_ANALYZER_NONNULL = YES;
				CLANG_ANALYZER_NUMBER_OBJECT_CONVERSION = YES_AGGRESSIVE;
				CLANG_CXX_LANGUAGE_STANDARD = "gnu++14";
				CLANG_CXX_LIBRARY = "libc++";
				CLANG_ENABLE_MODULES = YES;
				CLANG_ENABLE_OBJC_ARC = YES;
				CLANG_ENABLE_OBJC_WEAK = YES;
				CLANG_WARN_BLOCK_CAPTURE_AUTORELEASING = YES;
				CLANG_WARN_BOOL_CONVERSION = YES;
				CLANG_WARN_COMMA = YES;
				CLANG_WARN_CONSTANT_CONVERSION = YES;
				CLANG_WARN_DEPRECATED_OBJC_IMPLEMENTATIONS = YES;
				CLANG_WARN_DIRECT_OBJC_ISA_USAGE = YES_ERROR;
				CLANG_WARN_DOCUMENTATION_COMMENTS = YES;
				CLANG_WARN_EMPTY_BODY = YES;
				CLANG_WARN_ENUM_CONVERSION = YES;
				CLANG_WARN_INFINITE_RECURSION = YES;
				CLANG_WARN_INT_CONVERSION = YES;
				CLANG_WARN_NON_LITERAL_NULL_CONVERSION = YES;
				CLANG_WARN_OBJC_IMPLICIT_RETAIN_SELF = YES;
				CLANG_WARN_OBJC_LITERAL_CONVERSION = YES;
				CLANG_WARN_OBJC_ROOT_CLASS = YES_ERROR;
				CLANG_WARN_RANGE_LOOP_ANALYSIS = YES;
				CLANG_WARN_STRICT_PROTOTYPES = YES;
				CLANG_WARN_SUSPICIOUS_MOVE = YES;
				CLANG_WARN_UNGUARDED_AVAILABILITY = YES_AGGRESSIVE;
				CLANG_WARN_UNREACHABLE_CODE = YES;
				CLANG_WARN__DUPLICATE_METHOD_MATCH = YES;
				CODE_SIGN_IDENTITY = "-";
				COPY_PHASE_STRIP = NO;
				DEBUG_INFORMATION_FORMAT = dwarf;
				ENABLE_STRICT_OBJC_MSGSEND = YES;
				ENABLE_TESTABILITY = YES;
				GCC_C_LANGUAGE_STANDARD = gnu11;
				GCC_DYNAMIC_NO_PIC = NO;
				GCC_NO_COMMON_BLOCKS = YES;
				GCC_OPTIMIZATION_LEVEL = 0;
				GCC_PREPROCESSOR_DEFINITIONS = (
					"DEBUG=1",
					"$(inherited)",
				);
				GCC_WARN_64_TO_32_BIT_CONVERSION = YES;
				GCC_WARN_ABOUT_RETURN_TYPE = YES_ERROR;
				GCC_WARN_UNDECLARED_SELECTOR = YES;
				GCC_WARN_UNINITIALIZED_AUTOS = YES_AGGRESSIVE;
				GCC_WARN_UNUSED_FUNCTION = YES;
				GCC_WARN_UNUSED_VARIABLE = YES;
				MACOSX_DEPLOYMENT_TARGET = 10.13;
				MTL_ENABLE_DEBUG_INFO = INCLUDE_SOURCE;
				MTL_FAST_MATH = YES;
				ONLY_ACTIVE_ARCH = YES;
				SDKROOT = macosx;
			};
			name = Debug;
		};
		99D64C0F21FF5C4F004B3FBC /* Release */ = {
			isa = XCBuildConfiguration;
			buildSettings = {
				ALWAYS_SEARCH_USER_PATHS = NO;
				CLANG_ANALYZER_NONNULL = YES;
				CLANG_ANALYZER_NUMBER_OBJECT_CONVERSION = YES_AGGRESSIVE;
				CLANG_CXX_LANGUAGE_STANDARD = "gnu++14";
				CLANG_CXX_LIBRARY = "libc++";
				CLANG_ENABLE_MODULES = YES;
				CLANG_ENABLE_OBJC_ARC = YES;
				CLANG_ENABLE_OBJC_WEAK = YES;
				CLANG_WARN_BLOCK_CAPTURE_AUTORELEASING = YES;
				CLANG_WARN_BOOL_CONVERSION = YES;
				CLANG_WARN_COMMA = YES;
				CLANG_WARN_CONSTANT_CONVERSION = YES;
				CLANG_WARN_DEPRECATED_OBJC_IMPLEMENTATIONS = YES;
				CLANG_WARN_DIRECT_OBJC_ISA_USAGE = YES_ERROR;
				CLANG_WARN_DOCUMENTATION_COMMENTS = YES;
				CLANG_WARN_EMPTY_BODY = YES;
				CLANG_WARN_ENUM_CONVERSION = YES;
				CLANG_WARN_INFINITE_RECURSION = YES;
				CLANG_WARN_INT_CONVERSION = YES;
				CLANG_WARN_NON_LITERAL_NULL_CONVERSION = YES;
				CLANG_WARN_OBJC_IMPLICIT_RETAIN_SELF = YES;
				CLANG_WARN_OBJC_LITERAL_CONVERSION = YES;
				CLANG_WARN_OBJC_ROOT_CLASS = YES_ERROR;
				CLANG_WARN_RANGE_LOOP_ANALYSIS = YES;
				CLANG_WARN_STRICT_PROTOTYPES = YES;
				CLANG_WARN_SUSPICIOUS_MOVE = YES;
				CLANG_WARN_UNGUARDED_AVAILABILITY = YES_AGGRESSIVE;
				CLANG_WARN_UNREACHABLE_CODE = YES;
				CLANG_WARN__DUPLICATE_METHOD_MATCH = YES;
				CODE_SIGN_IDENTITY = "-";
				COPY_PHASE_STRIP = NO;
				DEBUG_INFORMATION_FORMAT = "dwarf-with-dsym";
				ENABLE_NS_ASSERTIONS = NO;
				ENABLE_STRICT_OBJC_MSGSEND = YES;
				GCC_C_LANGUAGE_STANDARD = gnu11;
				GCC_NO_COMMON_BLOCKS = YES;
				GCC_WARN_64_TO_32_BIT_CONVERSION = YES;
				GCC_WARN_ABOUT_RETURN_TYPE = YES_ERROR;
				GCC_WARN_UNDECLARED_SELECTOR = YES;
				GCC_WARN_UNINITIALIZED_AUTOS = YES_AGGRESSIVE;
				GCC_WARN_UNUSED_FUNCTION = YES;
				GCC_WARN_UNUSED_VARIABLE = YES;
				MACOSX_DEPLOYMENT_TARGET = 10.13;
				MTL_ENABLE_DEBUG_INFO = NO;
				MTL_FAST_MATH = YES;
				SDKROOT = macosx;
			};
			name = Release;
		};
		99D64C1121FF5C4F004B3FBC /* Debug */ = {
			isa = XCBuildConfiguration;
			buildSettings = {
				CODE_SIGN_STYLE = Automatic;
				PRODUCT_NAME = "$(TARGET_NAME)";
			};
			name = Debug;
		};
		99D64C1221FF5C4F004B3FBC /* Release */ = {
			isa = XCBuildConfiguration;
			buildSettings = {
				CODE_SIGN_STYLE = Automatic;
				PRODUCT_NAME = "$(TARGET_NAME)";
			};
			name = Release;
		};
/* End XCBuildConfiguration section */

/* Begin XCConfigurationList section */
		99D64C0421FF5C4F004B3FBC /* Build configuration list for PBXProject "DataStructured" */ = {
			isa = XCConfigurationList;
			buildConfigurations = (
				99D64C0E21FF5C4F004B3FBC /* Debug */,
				99D64C0F21FF5C4F004B3FBC /* Release */,
			);
			defaultConfigurationIsVisible = 0;
			defaultConfigurationName = Release;
		};
		99D64C1021FF5C4F004B3FBC /* Build configuration list for PBXNativeTarget "DataStructured" */ = {
			isa = XCConfigurationList;
			buildConfigurations = (
				99D64C1121FF5C4F004B3FBC /* Debug */,
				99D64C1221FF5C4F004B3FBC /* Release */,
			);
			defaultConfigurationIsVisible = 0;
			defaultConfigurationName = Release;
		};
/* End XCConfigurationList section */
	};
	rootObject = 99D64C0121FF5C4F004B3FBC /* Project object */;
}
